// !$*UTF8*$!
{
	archiveVersion = 1;
	classes = {
	};
	objectVersion = 46;
	objects = {

/* Begin PBXBuildFile section */
		AE81AF8015A75AB500B95353 /* UIKit.framework in Frameworks */ = {isa = PBXBuildFile; fileRef = AE81AF7F15A75AB500B95353 /* UIKit.framework */; };
		AE81AF8215A75AB500B95353 /* Foundation.framework in Frameworks */ = {isa = PBXBuildFile; fileRef = AE81AF8115A75AB500B95353 /* Foundation.framework */; };
		AE81AF8415A75AB500B95353 /* CoreGraphics.framework in Frameworks */ = {isa = PBXBuildFile; fileRef = AE81AF8315A75AB500B95353 /* CoreGraphics.framework */; };
		AE81AF8A15A75AB500B95353 /* InfoPlist.strings in Resources */ = {isa = PBXBuildFile; fileRef = AE81AF8815A75AB500B95353 /* InfoPlist.strings */; };
		AE81AF8C15A75AB500B95353 /* main.m in Sources */ = {isa = PBXBuildFile; fileRef = AE81AF8B15A75AB500B95353 /* main.m */; };
		AE81AF9015A75AB500B95353 /* AppDelegate.m in Sources */ = {isa = PBXBuildFile; fileRef = AE81AF8F15A75AB500B95353 /* AppDelegate.m */; };
		AE81AF9315A75AB500B95353 /* MainStoryboard.storyboard in Resources */ = {isa = PBXBuildFile; fileRef = AE81AF9115A75AB500B95353 /* MainStoryboard.storyboard */; };
		AE81AF9615A75AB500B95353 /* ViewController.m in Sources */ = {isa = PBXBuildFile; fileRef = AE81AF9515A75AB500B95353 /* ViewController.m */; };
		AEA4947F15AA5BD700C479E8 /* GridView.m in Sources */ = {isa = PBXBuildFile; fileRef = AEA4947E15AA5BD700C479E8 /* GridView.m */; };
		AEA4C85415AA9B7100A498C9 /* QuartzCore.framework in Frameworks */ = {isa = PBXBuildFile; fileRef = AEA4C85315AA9B7100A498C9 /* QuartzCore.framework */; };
		AEA4C85715AAAC4000A498C9 /* sloth.png in Resources */ = {isa = PBXBuildFile; fileRef = AEA4C85615AAAC4000A498C9 /* sloth.png */; };
/* End PBXBuildFile section */

/* Begin PBXFileReference section */
		AE81AF7B15A75AB500B95353 /* TestGrid.app */ = {isa = PBXFileReference; explicitFileType = wrapper.application; includeInIndex = 0; path = TestGrid.app; sourceTree = BUILT_PRODUCTS_DIR; };
		AE81AF7F15A75AB500B95353 /* UIKit.framework */ = {isa = PBXFileReference; lastKnownFileType = wrapper.framework; name = UIKit.framework; path = System/Library/Frameworks/UIKit.framework; sourceTree = SDKROOT; };
		AE81AF8115A75AB500B95353 /* Foundation.framework */ = {isa = PBXFileReference; lastKnownFileType = wrapper.framework; name = Foundation.framework; path = System/Library/Frameworks/Foundation.framework; sourceTree = SDKROOT; };
		AE81AF8315A75AB500B95353 /* CoreGraphics.framework */ = {isa = PBXFileReference; lastKnownFileType = wrapper.framework; name = CoreGraphics.framework; path = System/Library/Frameworks/CoreGraphics.framework; sourceTree = SDKROOT; };
		AE81AF8715A75AB500B95353 /* TestGrid-Info.plist */ = {isa = PBXFileReference; lastKnownFileType = text.plist.xml; path = "TestGrid-Info.plist"; sourceTree = "<group>"; };
		AE81AF8915A75AB500B95353 /* en */ = {isa = PBXFileReference; lastKnownFileType = text.plist.strings; name = en; path = en.lproj/InfoPlist.strings; sourceTree = "<group>"; };
		AE81AF8B15A75AB500B95353 /* main.m */ = {isa = PBXFileReference; lastKnownFileType = sourcecode.c.objc; path = main.m; sourceTree = "<group>"; };
		AE81AF8D15A75AB500B95353 /* TestGrid-Prefix.pch */ = {isa = PBXFileReference; lastKnownFileType = sourcecode.c.h; path = "TestGrid-Prefix.pch"; sourceTree = "<group>"; };
		AE81AF8E15A75AB500B95353 /* AppDelegate.h */ = {isa = PBXFileReference; lastKnownFileType = sourcecode.c.h; path = AppDelegate.h; sourceTree = "<group>"; };
		AE81AF8F15A75AB500B95353 /* AppDelegate.m */ = {isa = PBXFileReference; lastKnownFileType = sourcecode.c.objc; path = AppDelegate.m; sourceTree = "<group>"; };
		AE81AF9215A75AB500B95353 /* en */ = {isa = PBXFileReference; lastKnownFileType = file.storyboard; name = en; path = en.lproj/MainStoryboard.storyboard; sourceTree = "<group>"; };
		AE81AF9415A75AB500B95353 /* ViewController.h */ = {isa = PBXFileReference; lastKnownFileType = sourcecode.c.h; path = ViewController.h; sourceTree = "<group>"; };
		AE81AF9515A75AB500B95353 /* ViewController.m */ = {isa = PBXFileReference; lastKnownFileType = sourcecode.c.objc; path = ViewController.m; sourceTree = "<group>"; };
		AEA4947D15AA5BD700C479E8 /* GridView.h */ = {isa = PBXFileReference; fileEncoding = 4; lastKnownFileType = sourcecode.c.h; path = GridView.h; sourceTree = "<group>"; };
		AEA4947E15AA5BD700C479E8 /* GridView.m */ = {isa = PBXFileReference; fileEncoding = 4; lastKnownFileType = sourcecode.c.objc; path = GridView.m; sourceTree = "<group>"; };
		AEA4C85315AA9B7100A498C9 /* QuartzCore.framework */ = {isa = PBXFileReference; lastKnownFileType = wrapper.framework; name = QuartzCore.framework; path = System/Library/Frameworks/QuartzCore.framework; sourceTree = SDKROOT; };
		AEA4C85615AAAC4000A498C9 /* sloth.png */ = {isa = PBXFileReference; lastKnownFileType = image.png; path = sloth.png; sourceTree = "<group>"; };
/* End PBXFileReference section */

/* Begin PBXFrameworksBuildPhase section */
		AE81AF7815A75AB500B95353 /* Frameworks */ = {
			isa = PBXFrameworksBuildPhase;
			buildActionMask = 2147483647;
			files = (
				AEA4C85415AA9B7100A498C9 /* QuartzCore.framework in Frameworks */,
				AE81AF8015A75AB500B95353 /* UIKit.framework in Frameworks */,
				AE81AF8215A75AB500B95353 /* Foundation.framework in Frameworks */,
				AE81AF8415A75AB500B95353 /* CoreGraphics.framework in Frameworks */,
			);
			runOnlyForDeploymentPostprocessing = 0;
		};
/* End PBXFrameworksBuildPhase section */

/* Begin PBXGroup section */
		AE81AF7015A75AB500B95353 = {
			isa = PBXGroup;
			children = (
				AE81AF8515A75AB500B95353 /* TestGrid */,
				AE81AF7E15A75AB500B95353 /* Frameworks */,
				AE81AF7C15A75AB500B95353 /* Products */,
			);
			sourceTree = "<group>";
		};
		AE81AF7C15A75AB500B95353 /* Products */ = {
			isa = PBXGroup;
			children = (
				AE81AF7B15A75AB500B95353 /* TestGrid.app */,
			);
			name = Products;
			sourceTree = "<group>";
		};
		AE81AF7E15A75AB500B95353 /* Frameworks */ = {
			isa = PBXGroup;
			children = (
				AEA4C85315AA9B7100A498C9 /* QuartzCore.framework */,
				AE81AF7F15A75AB500B95353 /* UIKit.framework */,
				AE81AF8115A75AB500B95353 /* Foundation.framework */,
				AE81AF8315A75AB500B95353 /* CoreGraphics.framework */,
			);
			name = Frameworks;
			sourceTree = "<group>";
		};
		AE81AF8515A75AB500B95353 /* TestGrid */ = {
			isa = PBXGroup;
			children = (
				AE81AF8E15A75AB500B95353 /* AppDelegate.h */,
				AE81AF8F15A75AB500B95353 /* AppDelegate.m */,
				AE81AF9115A75AB500B95353 /* MainStoryboard.storyboard */,
				AE81AF9415A75AB500B95353 /* ViewController.h */,
				AE81AF9515A75AB500B95353 /* ViewController.m */,
				AEA4C85815AAAC4300A498C9 /* Test Images */,
				AEA4947C15AA5BD700C479E8 /* Classes */,
				AE81AF8615A75AB500B95353 /* Supporting Files */,
			);
			path = TestGrid;
			sourceTree = "<group>";
		};
		AE81AF8615A75AB500B95353 /* Supporting Files */ = {
			isa = PBXGroup;
			children = (
				AE81AF8715A75AB500B95353 /* TestGrid-Info.plist */,
				AE81AF8815A75AB500B95353 /* InfoPlist.strings */,
				AE81AF8B15A75AB500B95353 /* main.m */,
				AE81AF8D15A75AB500B95353 /* TestGrid-Prefix.pch */,
			);
			name = "Supporting Files";
			sourceTree = "<group>";
		};
		AEA4947C15AA5BD700C479E8 /* Classes */ = {
			isa = PBXGroup;
			children = (
				AEA4947D15AA5BD700C479E8 /* GridView.h */,
				AEA4947E15AA5BD700C479E8 /* GridView.m */,
			);
			name = Classes;
			path = ../../../Classes;
			sourceTree = "<group>";
		};
		AEA4C85815AAAC4300A498C9 /* Test Images */ = {
			isa = PBXGroup;
			children = (
				AEA4C85615AAAC4000A498C9 /* sloth.png */,
			);
			name = "Test Images";
			sourceTree = "<group>";
		};
/* End PBXGroup section */

/* Begin PBXNativeTarget section */
		AE81AF7A15A75AB500B95353 /* TestGrid */ = {
			isa = PBXNativeTarget;
			buildConfigurationList = AE81AF9915A75AB500B95353 /* Build configuration list for PBXNativeTarget "TestGrid" */;
			buildPhases = (
				AE81AF7715A75AB500B95353 /* Sources */,
				AE81AF7815A75AB500B95353 /* Frameworks */,
				AE81AF7915A75AB500B95353 /* Resources */,
			);
			buildRules = (
			);
			dependencies = (
			);
			name = TestGrid;
			productName = TestGrid;
			productReference = AE81AF7B15A75AB500B95353 /* TestGrid.app */;
			productType = "com.apple.product-type.application";
		};
/* End PBXNativeTarget section */

/* Begin PBXProject section */
		AE81AF7215A75AB500B95353 /* Project object */ = {
			isa = PBXProject;
			attributes = {
				LastUpgradeCheck = 0450;
				ORGANIZATIONNAME = "Alex Muller";
			};
			buildConfigurationList = AE81AF7515A75AB500B95353 /* Build configuration list for PBXProject "TestGrid" */;
			compatibilityVersion = "Xcode 3.2";
			developmentRegion = English;
			hasScannedForEncodings = 0;
			knownRegions = (
				en,
			);
			mainGroup = AE81AF7015A75AB500B95353;
			productRefGroup = AE81AF7C15A75AB500B95353 /* Products */;
			projectDirPath = "";
			projectRoot = "";
			targets = (
				AE81AF7A15A75AB500B95353 /* TestGrid */,
			);
		};
/* End PBXProject section */

/* Begin PBXResourcesBuildPhase section */
		AE81AF7915A75AB500B95353 /* Resources */ = {
			isa = PBXResourcesBuildPhase;
			buildActionMask = 2147483647;
			files = (
				AE81AF8A15A75AB500B95353 /* InfoPlist.strings in Resources */,
				AE81AF9315A75AB500B95353 /* MainStoryboard.storyboard in Resources */,
				AEA4C85715AAAC4000A498C9 /* sloth.png in Resources */,
			);
			runOnlyForDeploymentPostprocessing = 0;
		};
/* End PBXResourcesBuildPhase section */

/* Begin PBXSourcesBuildPhase section */
		AE81AF7715A75AB500B95353 /* Sources */ = {
			isa = PBXSourcesBuildPhase;
			buildActionMask = 2147483647;
			files = (
				AE81AF8C15A75AB500B95353 /* main.m in Sources */,
				AE81AF9015A75AB500B95353 /* AppDelegate.m in Sources */,
				AE81AF9615A75AB500B95353 /* ViewController.m in Sources */,
				AEA4947F15AA5BD700C479E8 /* GridView.m in Sources */,
			);
			runOnlyForDeploymentPostprocessing = 0;
		};
/* End PBXSourcesBuildPhase section */

/* Begin PBXVariantGroup section */
		AE81AF8815A75AB500B95353 /* InfoPlist.strings */ = {
			isa = PBXVariantGroup;
			children = (
				AE81AF8915A75AB500B95353 /* en */,
			);
			name = InfoPlist.strings;
			sourceTree = "<group>";
		};
		AE81AF9115A75AB500B95353 /* MainStoryboard.storyboard */ = {
			isa = PBXVariantGroup;
			children = (
				AE81AF9215A75AB500B95353 /* en */,
			);
			name = MainStoryboard.storyboard;
			sourceTree = "<group>";
		};
/* End PBXVariantGroup section */

/* Begin XCBuildConfiguration section */
		AE81AF9715A75AB500B95353 /* Debug */ = {
			isa = XCBuildConfiguration;
			buildSettings = {
				ALWAYS_SEARCH_USER_PATHS = NO;
				CLANG_CXX_LANGUAGE_STANDARD = "gnu++0x";
				CLANG_ENABLE_OBJC_ARC = YES;
				CLANG_WARN__DUPLICATE_METHOD_MATCH = YES;
				"CODE_SIGN_IDENTITY[sdk=iphoneos*]" = "iPhone Developer";
				COPY_PHASE_STRIP = NO;
				GCC_C_LANGUAGE_STANDARD = gnu99;
				GCC_DYNAMIC_NO_PIC = NO;
				GCC_OPTIMIZATION_LEVEL = 0;
				GCC_PREPROCESSOR_DEFINITIONS = (
					"DEBUG=1",
					"$(inherited)",
				);
				GCC_SYMBOLS_PRIVATE_EXTERN = NO;
				GCC_WARN_ABOUT_RETURN_TYPE = YES;
				GCC_WARN_UNINITIALIZED_AUTOS = YES;
				GCC_WARN_UNUSED_VARIABLE = YES;
				IPHONEOS_DEPLOYMENT_TARGET = 5.0;
				SDKROOT = iphoneos;
			};
			name = Debug;
		};
		AE81AF9815A75AB500B95353 /* Release */ = {
			isa = XCBuildConfiguration;
			buildSettings = {
				ALWAYS_SEARCH_USER_PATHS = NO;
				CLANG_CXX_LANGUAGE_STANDARD = "gnu++0x";
				CLANG_ENABLE_OBJC_ARC = YES;
				CLANG_WARN__DUPLICATE_METHOD_MATCH = YES;
				"CODE_SIGN_IDENTITY[sdk=iphoneos*]" = "iPhone Developer";
				COPY_PHASE_STRIP = YES;
				GCC_C_LANGUAGE_STANDARD = gnu99;
				GCC_WARN_ABOUT_RETURN_TYPE = YES;
				GCC_WARN_UNINITIALIZED_AUTOS = YES;
				GCC_WARN_UNUSED_VARIABLE = YES;
				IPHONEOS_DEPLOYMENT_TARGET = 5.0;
				OTHER_CFLAGS = "-DNS_BLOCK_ASSERTIONS=1";
				SDKROOT = iphoneos;
				VALIDATE_PRODUCT = YES;
			};
			name = Release;
		};
		AE81AF9A15A75AB500B95353 /* Debug */ = {
			isa = XCBuildConfiguration;
			buildSettings = {
				GCC_PRECOMPILE_PREFIX_HEADER = YES;
				GCC_PREFIX_HEADER = "TestGrid/TestGrid-Prefix.pch";
				INFOPLIST_FILE = "TestGrid/TestGrid-Info.plist";
				IPHONEOS_DEPLOYMENT_TARGET = 5.0;
				PRODUCT_NAME = "$(TARGET_NAME)";
				WRAPPER_EXTENSION = app;
			};
			name = Debug;
		};
		AE81AF9B15A75AB500B95353 /* Release */ = {
			isa = XCBuildConfiguration;
			buildSettings = {
				GCC_PRECOMPILE_PREFIX_HEADER = YES;
				GCC_PREFIX_HEADER = "TestGrid/TestGrid-Prefix.pch";
				INFOPLIST_FILE = "TestGrid/TestGrid-Info.plist";
				IPHONEOS_DEPLOYMENT_TARGET = 5.0;
				PRODUCT_NAME = "$(TARGET_NAME)";
				WRAPPER_EXTENSION = app;
			};
			name = Release;
		};
/* End XCBuildConfiguration section */

/* Begin XCConfigurationList section */
		AE81AF7515A75AB500B95353 /* Build configuration list for PBXProject "TestGrid" */ = {
			isa = XCConfigurationList;
			buildConfigurations = (
				AE81AF9715A75AB500B95353 /* Debug */,
				AE81AF9815A75AB500B95353 /* Release */,
			);
			defaultConfigurationIsVisible = 0;
			defaultConfigurationName = Release;
		};
		AE81AF9915A75AB500B95353 /* Build configuration list for PBXNativeTarget "TestGrid" */ = {
			isa = XCConfigurationList;
			buildConfigurations = (
				AE81AF9A15A75AB500B95353 /* Debug */,
				AE81AF9B15A75AB500B95353 /* Release */,
			);
			defaultConfigurationIsVisible = 0;
			defaultConfigurationName = Release;
		};
/* End XCConfigurationList section */
	};
	rootObject = AE81AF7215A75AB500B95353 /* Project object */;
}
